
Microsoft Visual Studio Solution File, Format Version 11.00
# Visual Studio 2010
Project("{FAE04EC0-301F-11D3-BF4B-00C04F79EFBC}") = "Dubizzle", "Dubizzle\Dubizzle.csproj", "{EFD286D4-3762-4129-8BCC-B25CA1BCCCC5}"
EndProject
Global
	GlobalSection(SolutionConfigurationPlatforms) = preSolution
		Debug|Any CPU = Debug|Any CPU
		Release|Any CPU = Release|Any CPU
	EndGlobalSection
	GlobalSection(ProjectConfigurationPlatforms) = postSolution
		{EFD286D4-3762-4129-8BCC-B25CA1BCCCC5}.Debug|Any CPU.ActiveCfg = Debug|Any CPU
		{EFD286D4-3762-4129-8BCC-B25CA1BCCCC5}.Debug|Any CPU.Build.0 = Debug|Any CPU
		{EFD286D4-3762-4129-8BCC-B25CA1BCCCC5}.Debug|Any CPU.Deploy.0 = Debug|Any CPU
		{EFD286D4-3762-4129-8BCC-B25CA1BCCCC5}.Release|Any CPU.ActiveCfg = Release|Any CPU
		{EFD286D4-3762-4129-8BCC-B25CA1BCCCC5}.Release|Any CPU.Build.0 = Release|Any CPU
		{EFD286D4-3762-4129-8BCC-B25CA1BCCCC5}.Release|Any CPU.Deploy.0 = Release|Any CPU
	EndGlobalSection
	GlobalSection(SolutionProperties) = preSolution
		HideSolutionNode = FALSE
	EndGlobalSection
EndGlobal
